
Microsoft Visual Studio Solution File, Format Version 12.00
# Visual Studio 15
VisualStudioVersion = 15.0.26124.0
MinimumVisualStudioVersion = 15.0.26124.0
Project("{FAE04EC0-301F-11D3-BF4B-00C04F79EFBC}") = "ClassLibWithCompilationRelaxations", "ClassLibWithCompilationRelaxations\ClassLibWithCompilationRelaxations.csproj", "{2BAE42F8-2DF3-4F5F-9DE6-EC9BC0F7E9B6}"
EndProject
Project("{FAE04EC0-301F-11D3-BF4B-00C04F79EFBC}") = "ClassLibWithoutCompilationRelaxations", "ClassLibWithoutCompilationRelaxations\ClassLibWithoutCompilationRelaxations.csproj", "{14BE412A-CEE3-4716-8FF0-A66EFAAFC65C}"
EndProject
Project("{FAE04EC0-301F-11D3-BF4B-00C04F79EFBC}") = "tests", "Tests\tests.csproj", "{D17BF276-F9CF-4D60-863D-45E86E210325}"
EndProject
Global
	GlobalSection(SolutionConfigurationPlatforms) = preSolution
		Debug|Any CPU = Debug|Any CPU
		Debug|x64 = Debug|x64
		Debug|x86 = Debug|x86
		Release|Any CPU = Release|Any CPU
		Release|x64 = Release|x64
		Release|x86 = Release|x86
	EndGlobalSection
	GlobalSection(SolutionProperties) = preSolution
		HideSolutionNode = FALSE
	EndGlobalSection
	GlobalSection(ProjectConfigurationPlatforms) = postSolution
		{2BAE42F8-2DF3-4F5F-9DE6-EC9BC0F7E9B6}.Debug|Any CPU.ActiveCfg = Debug|Any CPU
		{2BAE42F8-2DF3-4F5F-9DE6-EC9BC0F7E9B6}.Debug|Any CPU.Build.0 = Debug|Any CPU
		{2BAE42F8-2DF3-4F5F-9DE6-EC9BC0F7E9B6}.Debug|x64.ActiveCfg = Debug|Any CPU
		{2BAE42F8-2DF3-4F5F-9DE6-EC9BC0F7E9B6}.Debug|x64.Build.0 = Debug|Any CPU
		{2BAE42F8-2DF3-4F5F-9DE6-EC9BC0F7E9B6}.Debug|x86.ActiveCfg = Debug|Any CPU
		{2BAE42F8-2DF3-4F5F-9DE6-EC9BC0F7E9B6}.Debug|x86.Build.0 = Debug|Any CPU
		{2BAE42F8-2DF3-4F5F-9DE6-EC9BC0F7E9B6}.Release|Any CPU.ActiveCfg = Release|Any CPU
		{2BAE42F8-2DF3-4F5F-9DE6-EC9BC0F7E9B6}.Release|Any CPU.Build.0 = Release|Any CPU
		{2BAE42F8-2DF3-4F5F-9DE6-EC9BC0F7E9B6}.Release|x64.ActiveCfg = Release|Any CPU
		{2BAE42F8-2DF3-4F5F-9DE6-EC9BC0F7E9B6}.Release|x64.Build.0 = Release|Any CPU
		{2BAE42F8-2DF3-4F5F-9DE6-EC9BC0F7E9B6}.Release|x86.ActiveCfg = Release|Any CPU
		{2BAE42F8-2DF3-4F5F-9DE6-EC9BC0F7E9B6}.Release|x86.Build.0 = Release|Any CPU
		{14BE412A-CEE3-4716-8FF0-A66EFAAFC65C}.Debug|Any CPU.ActiveCfg = Debug|Any CPU
		{14BE412A-CEE3-4716-8FF0-A66EFAAFC65C}.Debug|Any CPU.Build.0 = Debug|Any CPU
		{14BE412A-CEE3-4716-8FF0-A66EFAAFC65C}.Debug|x64.ActiveCfg = Debug|Any CPU
		{14BE412A-CEE3-4716-8FF0-A66EFAAFC65C}.Debug|x64.Build.0 = Debug|Any CPU
		{14BE412A-CEE3-4716-8FF0-A66EFAAFC65C}.Debug|x86.ActiveCfg = Debug|Any CPU
		{14BE412A-CEE3-4716-8FF0-A66EFAAFC65C}.Debug|x86.Build.0 = Debug|Any CPU
		{14BE412A-CEE3-4716-8FF0-A66EFAAFC65C}.Release|Any CPU.ActiveCfg = Release|Any CPU
		{14BE412A-CEE3-4716-8FF0-A66EFAAFC65C}.Release|Any CPU.Build.0 = Release|Any CPU
		{14BE412A-CEE3-4716-8FF0-A66EFAAFC65C}.Release|x64.ActiveCfg = Release|Any CPU
		{14BE412A-CEE3-4716-8FF0-A66EFAAFC65C}.Release|x64.Build.0 = Release|Any CPU
		{14BE412A-CEE3-4716-8FF0-A66EFAAFC65C}.Release|x86.ActiveCfg = Release|Any CPU
		{14BE412A-CEE3-4716-8FF0-A66EFAAFC65C}.Release|x86.Build.0 = Release|Any CPU
		{D17BF276-F9CF-4D60-863D-45E86E210325}.Debug|Any CPU.ActiveCfg = Debug|Any CPU
		{D17BF276-F9CF-4D60-863D-45E86E210325}.Debug|Any CPU.Build.0 = Debug|Any CPU
		{D17BF276-F9CF-4D60-863D-45E86E210325}.Debug|x64.ActiveCfg = Debug|Any CPU
		{D17BF276-F9CF-4D60-863D-45E86E210325}.Debug|x64.Build.0 = Debug|Any CPU
		{D17BF276-F9CF-4D60-863D-45E86E210325}.Debug|x86.ActiveCfg = Debug|Any CPU
		{D17BF276-F9CF-4D60-863D-45E86E210325}.Debug|x86.Build.0 = Debug|Any CPU
		{D17BF276-F9CF-4D60-863D-45E86E210325}.Release|Any CPU.ActiveCfg = Release|Any CPU
		{D17BF276-F9CF-4D60-863D-45E86E210325}.Release|Any CPU.Build.0 = Release|Any CPU
		{D17BF276-F9CF-4D60-863D-45E86E210325}.Release|x64.ActiveCfg = Release|Any CPU
		{D17BF276-F9CF-4D60-863D-45E86E210325}.Release|x64.Build.0 = Release|Any CPU
		{D17BF276-F9CF-4D60-863D-45E86E210325}.Release|x86.ActiveCfg = Release|Any CPU
		{D17BF276-F9CF-4D60-863D-45E86E210325}.Release|x86.Build.0 = Release|Any CPU
	EndGlobalSection
EndGlobal
